{
  "name": "Games-2",
  "lockfileVersion": 2,
  "requires": true,
  "packages": {
    "": {
      "dependencies": {
        "pixi.js": "^6.1.1"
      }
    },
    "node_modules/@pixi/accessibility": {
      "version": "6.1.1",
      "resolved": "https://registry.npmjs.org/@pixi/accessibility/-/accessibility-6.1.1.tgz",
      "integrity": "sha512-uw/sIFmHwfskTlT7gKLwXjS/3ZGCJYSivENckpQw4XehEKMAd74w62Q/EFJwUdQBfI7/CNwHpZ6mAuU06QLiDg==",
      "peerDependencies": {
        "@pixi/canvas-renderer": "6.1.1",
        "@pixi/core": "6.1.1",
        "@pixi/display": "6.1.1",
        "@pixi/utils": "6.1.1"
      }
    },
    "node_modules/@pixi/app": {
      "version": "6.1.1",
      "resolved": "https://registry.npmjs.org/@pixi/app/-/app-6.1.1.tgz",
      "integrity": "sha512-Yy3766Q7jTwLs2ax0DYIHB3FZHRCw/Km1+QthydhLEprZ/zGD/uPqCWQ0W4U3WFwbB+RrDAGUHNSdJTCaIGu6Q==",
      "peerDependencies": {
        "@pixi/core": "6.1.1",
        "@pixi/display": "6.1.1"
      }
    },
    "node_modules/@pixi/canvas-renderer": {
      "version": "6.1.1",
      "resolved": "https://registry.npmjs.org/@pixi/canvas-renderer/-/canvas-renderer-6.1.1.tgz",
      "integrity": "sha512-HPSoZRef5m+06hMrh4p7CHo4SXH/x6ZDauWENbYc+OpRI50h2L2nLgdEf1Kazp/NK6NudQG9LPa9bRT23rG3AA==",
      "peer": true,
      "peerDependencies": {
        "@pixi/constants": "6.1.1",
        "@pixi/core": "6.1.1",
        "@pixi/math": "6.1.1",
        "@pixi/settings": "6.1.1",
        "@pixi/utils": "6.1.1"
      }
    },
    "node_modules/@pixi/compressed-textures": {
      "version": "6.1.1",
      "resolved": "https://registry.npmjs.org/@pixi/compressed-textures/-/compressed-textures-6.1.1.tgz",
      "integrity": "sha512-4lVI550mDZohWi1rJDpw3F9vMCSZlxhqA6pmGS+cVXf5ZJuDlpZCREyJ3GbvnFjt6iBQU0XMtd/jnQDWNKkCdQ==",
      "peerDependencies": {
        "@pixi/constants": "6.1.1",
        "@pixi/core": "6.1.1",
        "@pixi/loaders": "6.1.1",
        "@pixi/utils": "6.1.1"
      }
    },
    "node_modules/@pixi/constants": {
      "version": "6.1.1",
      "resolved": "https://registry.npmjs.org/@pixi/constants/-/constants-6.1.1.tgz",
      "integrity": "sha512-L5UCMD3zgdH/0qBPG3ZvsmkeOM6WMt1EGn2NZmBPVh4X6pV03GTlNh01mc0kQ3+R8G1SwaZeogzcoa4VyWsKFA=="
    },
    "node_modules/@pixi/core": {
      "version": "6.1.1",
      "resolved": "https://registry.npmjs.org/@pixi/core/-/core-6.1.1.tgz",
      "integrity": "sha512-eRGogZrPwpTKvZwvmdvR8Xya+9iJ3ETdjHeXeqfQHoaNbdJjfe7hIdGWY38+8IODwRWac3v8q+oZnBwc9vsfsA==",
      "funding": {
        "type": "opencollective",
        "url": "https://opencollective.com/pixijs"
      },
      "peerDependencies": {
        "@pixi/constants": "6.1.1",
        "@pixi/math": "6.1.1",
        "@pixi/runner": "6.1.1",
        "@pixi/settings": "6.1.1",
        "@pixi/ticker": "6.1.1",
        "@pixi/utils": "6.1.1"
      }
    },
    "node_modules/@pixi/display": {
      "version": "6.1.1",
      "resolved": "https://registry.npmjs.org/@pixi/display/-/display-6.1.1.tgz",
      "integrity": "sha512-6osLgiC8wtU/KFrv6Sm79S5mBcfHMOIkJ2EKeUPQjeXf1xxifzV6Qpp7z9hriA/PdeyTakzFPaMFGallYkRItg==",
      "peerDependencies": {
        "@pixi/math": "6.1.1",
        "@pixi/settings": "6.1.1",
        "@pixi/utils": "6.1.1"
      }
    },
    "node_modules/@pixi/extract": {
      "version": "6.1.1",
      "resolved": "https://registry.npmjs.org/@pixi/extract/-/extract-6.1.1.tgz",
      "integrity": "sha512-EZnKIjffJglRi8I+UaQ/Wxjur7R8awHEVTEGNqKKwRypmQXrhaLrokoCFPaZ+FShze+mygCzq4GVYVgiBwFhcA==",
      "peerDependencies": {
        "@pixi/core": "6.1.1",
        "@pixi/math": "6.1.1",
        "@pixi/utils": "6.1.1"
      }
    },
    "node_modules/@pixi/filter-alpha": {
      "version": "6.1.1",
      "resolved": "https://registry.npmjs.org/@pixi/filter-alpha/-/filter-alpha-6.1.1.tgz",
      "integrity": "sha512-reg8yTbaQHmkoPrDQtiRgdy55GF3+hWEPiGVRPQAukZ6Dd9uN87GLSjJyFaTNL2lSlud4IGm8LI2kEBGW4JvuQ==",
      "peerDependencies": {
        "@pixi/core": "6.1.1"
      }
    },
    "node_modules/@pixi/filter-blur": {
      "version": "6.1.1",
      "resolved": "https://registry.npmjs.org/@pixi/filter-blur/-/filter-blur-6.1.1.tgz",
      "integrity": "sha512-xinRQHCAkGmiw2uJLNqO7CKNyUv2xaS9CwjeF0iqFe/vp0bOQTPZTSXOv7awKWxJw8AgI4df6vdnl9ZViZ2uvg==",
      "peerDependencies": {
        "@pixi/core": "6.1.1",
        "@pixi/settings": "6.1.1"
      }
    },
    "node_modules/@pixi/filter-color-matrix": {
      "version": "6.1.1",
      "resolved": "https://registry.npmjs.org/@pixi/filter-color-matrix/-/filter-color-matrix-6.1.1.tgz",
      "integrity": "sha512-ESYeGUXNN/o6oDl+ic9+EN8WXZIH/3M3r1HQiiS00dUylHLDs1UGzUyKas81VsFO2S0UxwDJ6uG2Cp3RndIRrw==",
      "peerDependencies": {
        "@pixi/core": "6.1.1"
      }
    },
    "node_modules/@pixi/filter-displacement": {
      "version": "6.1.1",
      "resolved": "https://registry.npmjs.org/@pixi/filter-displacement/-/filter-displacement-6.1.1.tgz",
      "integrity": "sha512-KH95Hko2f00sgVPrSKgtMDZ7JJV8Tge6rsOcXLhJE92fffo3ZAM5XRDn0P+tk/uhhCtr/zZaBZfk6FL4rW1t7g==",
      "peerDependencies": {
        "@pixi/core": "6.1.1",
        "@pixi/math": "6.1.1"
      }
    },
    "node_modules/@pixi/filter-fxaa": {
      "version": "6.1.1",
      "resolved": "https://registry.npmjs.org/@pixi/filter-fxaa/-/filter-fxaa-6.1.1.tgz",
      "integrity": "sha512-bXNFp7wTJvz4lb6LTzVQdglfCpoO5yXmQMxqn5Dll/ZSIeBlkG+yhoQzKiHllzA7pi4Kc1XzHdDQBd5ASl17+A==",
      "peerDependencies": {
        "@pixi/core": "6.1.1"
      }
    },
    "node_modules/@pixi/filter-noise": {
      "version": "6.1.1",
      "resolved": "https://registry.npmjs.org/@pixi/filter-noise/-/filter-noise-6.1.1.tgz",
      "integrity": "sha512-tSsFqK3qlFY7SWxmJdTP4l9uIyNzSXwze1e08K3zuNiBreRUdrkYUaFUO4N7Qt2+bs2/awiF/oqjRgoxzSXzew==",
      "peerDependencies": {
        "@pixi/core": "6.1.1"
      }
    },
    "node_modules/@pixi/graphics": {
      "version": "6.1.1",
      "resolved": "https://registry.npmjs.org/@pixi/graphics/-/graphics-6.1.1.tgz",
      "integrity": "sha512-mF5VuZ5pOg2iP6wFgvjWvBBlO1i5TWRvQLYhR+OwD5gh6TrSPU9azr2L1t63ArtyCKn8+tNUGRmAVPFev/qVhA==",
      "peerDependencies": {
        "@pixi/constants": "6.1.1",
        "@pixi/core": "6.1.1",
        "@pixi/display": "6.1.1",
        "@pixi/math": "6.1.1",
        "@pixi/sprite": "6.1.1",
        "@pixi/utils": "6.1.1"
      }
    },
    "node_modules/@pixi/interaction": {
      "version": "6.1.1",
      "resolved": "https://registry.npmjs.org/@pixi/interaction/-/interaction-6.1.1.tgz",
      "integrity": "sha512-lVaMdN1zK5T5ty/zrwXIKHiJ1mDeOXqOFHP43gKVK5f6mEFsPyqfNY82xmIS0z6xjTNpG5744FklhCDI4BeuZA==",
      "peerDependencies": {
        "@pixi/core": "6.1.1",
        "@pixi/display": "6.1.1",
        "@pixi/math": "6.1.1",
        "@pixi/ticker": "6.1.1",
        "@pixi/utils": "6.1.1"
      }
    },
    "node_modules/@pixi/loaders": {
      "version": "6.1.1",
      "resolved": "https://registry.npmjs.org/@pixi/loaders/-/loaders-6.1.1.tgz",
      "integrity": "sha512-5M6fPVKlarqShPOXWDb8S8m1XSMd4wRt8YguIhrQUBq+0dWlTdDlGskaVm4aLerHbUxLhR1PhI/akpc0iJ70wQ==",
      "peerDependencies": {
        "@pixi/constants": "6.1.1",
        "@pixi/core": "6.1.1",
        "@pixi/utils": "6.1.1"
      }
    },
    "node_modules/@pixi/math": {
      "version": "6.1.1",
      "resolved": "https://registry.npmjs.org/@pixi/math/-/math-6.1.1.tgz",
      "integrity": "sha512-/xyr1xqZ50XiG61XLbF9yetpP/kyk+DxPAazHOrvZIQEquBuD1smeHQ7MAQIuh4D0BAgAgstQzq8Mj0bmwajbQ=="
    },
    "node_modules/@pixi/mesh": {
      "version": "6.1.1",
      "resolved": "https://registry.npmjs.org/@pixi/mesh/-/mesh-6.1.1.tgz",
      "integrity": "sha512-kEPnJG2kviCKEL8X2AGor19bOyPxCZzozDxynsAxAvqIC+TGVyp08yRPjsvotZ5mJRV3utgRtyEymgnTPmTvmw==",
      "peerDependencies": {
        "@pixi/constants": "6.1.1",
        "@pixi/core": "6.1.1",
        "@pixi/display": "6.1.1",
        "@pixi/math": "6.1.1",
        "@pixi/settings": "6.1.1",
        "@pixi/utils": "6.1.1"
      }
    },
    "node_modules/@pixi/mesh-extras": {
      "version": "6.1.1",
      "resolved": "https://registry.npmjs.org/@pixi/mesh-extras/-/mesh-extras-6.1.1.tgz",
      "integrity": "sha512-+6PFyvss/AO0tkFByN2OJDLys6dPrKwsgkt+EsPTVITZz0BVBsni/oqC+4ldzLxTdo/LgdNbRN6V6w3FVMdvyA==",
      "peerDependencies": {
        "@pixi/constants": "6.1.1",
        "@pixi/core": "6.1.1",
        "@pixi/math": "6.1.1",
        "@pixi/mesh": "6.1.1",
        "@pixi/utils": "6.1.1"
      }
    },
    "node_modules/@pixi/mixin-cache-as-bitmap": {
      "version": "6.1.1",
      "resolved": "https://registry.npmjs.org/@pixi/mixin-cache-as-bitmap/-/mixin-cache-as-bitmap-6.1.1.tgz",
      "integrity": "sha512-Ho6+9cgxS5JQKq5ule6iU2Ah9UN/YakOGdl5kOUixV89sEHkd4qC8LziTFu4rKMwSdGhESIz4e4xr58PDPwAJw==",
      "peerDependencies": {
        "@pixi/canvas-renderer": "6.1.1",
        "@pixi/core": "6.1.1",
        "@pixi/display": "6.1.1",
        "@pixi/math": "6.1.1",
        "@pixi/settings": "6.1.1",
        "@pixi/sprite": "6.1.1",
        "@pixi/utils": "6.1.1"
      }
    },
    "node_modules/@pixi/mixin-get-child-by-name": {
      "version": "6.1.1",
      "resolved": "https://registry.npmjs.org/@pixi/mixin-get-child-by-name/-/mixin-get-child-by-name-6.1.1.tgz",
      "integrity": "sha512-3ut4tP5d5FV/Ces/hflPUaoSRAch5I9ozPvxFd3aCeMzi0cODorHpcToDIxnquYppoZtVyGwSkERM9IVoJp9gw==",
      "peerDependencies": {
        "@pixi/display": "6.1.1"
      }
    },
    "node_modules/@pixi/mixin-get-global-position": {
      "version": "6.1.1",
      "resolved": "https://registry.npmjs.org/@pixi/mixin-get-global-position/-/mixin-get-global-position-6.1.1.tgz",
      "integrity": "sha512-OiEDrS6lATQ+tRoDyRNxe/DPNNQ/RwNOvYMGG/HZU4pYDDglL/MhBuQYYdjS5Wu0NxTFkLR6pn+Vqvp0hzRQiQ==",
      "peerDependencies": {
        "@pixi/display": "6.1.1",
        "@pixi/math": "6.1.1"
      }
    },
    "node_modules/@pixi/particle-container": {
      "version": "6.1.1",
      "resolved": "https://registry.npmjs.org/@pixi/particle-container/-/particle-container-6.1.1.tgz",
      "integrity": "sha512-Act80GkbPvKYXFXY4LNpFvPn74VdLumVpV0CpqXfWcYp0SfNl/Cm2Y8k2BWjxZJxcjjHHCPF3MKeYeTyIQbBsw==",
      "peerDependencies": {
        "@pixi/constants": "6.1.1",
        "@pixi/core": "6.1.1",
        "@pixi/display": "6.1.1",
        "@pixi/math": "6.1.1",
        "@pixi/utils": "6.1.1"
      }
    },
    "node_modules/@pixi/polyfill": {
      "version": "6.1.1",
      "resolved": "https://registry.npmjs.org/@pixi/polyfill/-/polyfill-6.1.1.tgz",
      "integrity": "sha512-FDW5VeuSQDO5ANo/55m21EivcbeoK4PwKODfQpPdYL2SY2Tvf9dDVzD1Gl+OqsW22teeRkXPU+qf93J4xmT52w==",
      "dependencies": {
        "object-assign": "^4.1.1",
        "promise-polyfill": "^8.2.0"
      }
    },
    "node_modules/@pixi/prepare": {
      "version": "6.1.1",
      "resolved": "https://registry.npmjs.org/@pixi/prepare/-/prepare-6.1.1.tgz",
      "integrity": "sha512-vUkMxqcU/hvHOW7ioNHfjaF4AMa3ITdoMbLLqCnWCYCS39Wg+gar9enSmd2Qlup1KdbQVtT1wtHslDOpnEv0yQ==",
      "peerDependencies": {
        "@pixi/core": "6.1.1",
        "@pixi/display": "6.1.1",
        "@pixi/graphics": "6.1.1",
        "@pixi/settings": "6.1.1",
        "@pixi/text": "6.1.1",
        "@pixi/ticker": "6.1.1"
      }
    },
    "node_modules/@pixi/runner": {
      "version": "6.1.1",
      "resolved": "https://registry.npmjs.org/@pixi/runner/-/runner-6.1.1.tgz",
      "integrity": "sha512-Qrfa80jYcZ1o1ZyrfHWd9QgIIGrXfd31wBkxd2QHQGOm096+ATB6qcB2Nfzl9Z0GCYbAPHnwbdHm+ZRcqNX0Bw=="
    },
    "node_modules/@pixi/settings": {
      "version": "6.1.1",
      "resolved": "https://registry.npmjs.org/@pixi/settings/-/settings-6.1.1.tgz",
      "integrity": "sha512-ak3102khm7rIW8+XENcOehwPrmR/X3gti29Bh5N9/iDM0Zqr0AoLbYqCMOsuuKADr9Ra/otE6fF1IkFKYG7Mzw==",
      "dependencies": {
        "ismobilejs": "^1.1.0"
      }
    },
    "node_modules/@pixi/sprite": {
      "version": "6.1.1",
      "resolved": "https://registry.npmjs.org/@pixi/sprite/-/sprite-6.1.1.tgz",
      "integrity": "sha512-ak3/13hjmxqx1G1Af+IdTbchjMrSLFKkjldMSIfP3soC3JcDFSRy1xjM5WitMMoqOEq5ntFY2sAGp5e2y50uiQ==",
      "peerDependencies": {
        "@pixi/constants": "6.1.1",
        "@pixi/core": "6.1.1",
        "@pixi/display": "6.1.1",
        "@pixi/math": "6.1.1",
        "@pixi/settings": "6.1.1",
        "@pixi/utils": "6.1.1"
      }
    },
    "node_modules/@pixi/sprite-animated": {
      "version": "6.1.1",
      "resolved": "https://registry.npmjs.org/@pixi/sprite-animated/-/sprite-animated-6.1.1.tgz",
      "integrity": "sha512-HW2g73xOxJgugmOmkCWRo5zknJElAJMGevsGz+c032Vqg/LrHIRGuzKQHEgEQCBttbQzxVAECiAWQysc25ifcg==",
      "peerDependencies": {
        "@pixi/core": "6.1.1",
        "@pixi/sprite": "6.1.1",
        "@pixi/ticker": "6.1.1"
      }
    },
    "node_modules/@pixi/sprite-tiling": {
      "version": "6.1.1",
      "resolved": "https://registry.npmjs.org/@pixi/sprite-tiling/-/sprite-tiling-6.1.1.tgz",
      "integrity": "sha512-B2dLpg37tymQCra+qS7sRzhLYXaYhA4i1ipU3I8yP27h162A6qqlGgZFUsosSh2R7ZHNFvq8JHlmpR3IFM6Meg==",
      "peerDependencies": {
        "@pixi/constants": "6.1.1",
        "@pixi/core": "6.1.1",
        "@pixi/display": "6.1.1",
        "@pixi/math": "6.1.1",
        "@pixi/sprite": "6.1.1",
        "@pixi/utils": "6.1.1"
      }
    },
    "node_modules/@pixi/spritesheet": {
      "version": "6.1.1",
      "resolved": "https://registry.npmjs.org/@pixi/spritesheet/-/spritesheet-6.1.1.tgz",
      "integrity": "sha512-pUIML/KXrzFmfELhJpfwAdY7z0R5eyRcKIIrC6aRDzgnosGrtdJ+Q9M7sF7tHTQh4CIqXAGG475sRlwzeBnkmA==",
      "peerDependencies": {
        "@pixi/core": "6.1.1",
        "@pixi/loaders": "6.1.1",
        "@pixi/math": "6.1.1",
        "@pixi/utils": "6.1.1"
      }
    },
    "node_modules/@pixi/text": {
      "version": "6.1.1",
      "resolved": "https://registry.npmjs.org/@pixi/text/-/text-6.1.1.tgz",
      "integrity": "sha512-iPLv+6mcqZc3WGxoCwcnn4JWlaqU0uqTevcsW2+QGVfd/UWuZbifohBx84NkfpiShFLPzV6BpGiN7oKbhqsfQQ==",
      "peerDependencies": {
        "@pixi/core": "6.1.1",
        "@pixi/math": "6.1.1",
        "@pixi/settings": "6.1.1",
        "@pixi/sprite": "6.1.1",
        "@pixi/utils": "6.1.1"
      }
    },
    "node_modules/@pixi/text-bitmap": {
      "version": "6.1.1",
      "resolved": "https://registry.npmjs.org/@pixi/text-bitmap/-/text-bitmap-6.1.1.tgz",
      "integrity": "sha512-WSqqCHDIXnk6PJ9v7gsbJ6d9D2BcVk6pAZ2dwvKoUGBZSjrndnwWMlwLGumRva+PmkOjEpIYTaUcxFoWhwjQCQ==",
      "peerDependencies": {
        "@pixi/core": "6.1.1",
        "@pixi/display": "6.1.1",
        "@pixi/loaders": "6.1.1",
        "@pixi/math": "6.1.1",
        "@pixi/mesh": "6.1.1",
        "@pixi/settings": "6.1.1",
        "@pixi/text": "6.1.1",
        "@pixi/utils": "6.1.1"
      }
    },
    "node_modules/@pixi/ticker": {
      "version": "6.1.1",
      "resolved": "https://registry.npmjs.org/@pixi/ticker/-/ticker-6.1.1.tgz",
      "integrity": "sha512-qkO7SOqI9pWLMu5jtwtoUlm7Sgq+qpNNKFSSHgCLjurbWID5SRJHcmfOZg/2TxmahvA7f6jh6JDDXnWnNvqaWA==",
      "peerDependencies": {
        "@pixi/settings": "6.1.1"
      }
    },
    "node_modules/@pixi/utils": {
      "version": "6.1.1",
      "resolved": "https://registry.npmjs.org/@pixi/utils/-/utils-6.1.1.tgz",
      "integrity": "sha512-C55n34c0iEIhpsnjl7WLOrjSAqzLygzYFPYbQuJfyJF+YRH36qpF1KFWjzepXpR8sp3g59uXKOdtN6ZOHAmyEA==",
      "dependencies": {
        "@types/earcut": "^2.1.0",
        "earcut": "^2.2.2",
        "eventemitter3": "^3.1.0",
        "url": "^0.11.0"
      },
      "peerDependencies": {
        "@pixi/constants": "6.1.1",
        "@pixi/settings": "6.1.1"
      }
    },
    "node_modules/@types/earcut": {
      "version": "2.1.1",
      "resolved": "https://registry.npmjs.org/@types/earcut/-/earcut-2.1.1.tgz",
      "integrity": "sha512-w8oigUCDjElRHRRrMvn/spybSMyX8MTkKA5Dv+tS1IE/TgmNZPqUYtvYBXGY8cieSE66gm+szeK+bnbxC2xHTQ=="
    },
    "node_modules/earcut": {
      "version": "2.2.3",
      "resolved": "https://registry.npmjs.org/earcut/-/earcut-2.2.3.tgz",
      "integrity": "sha512-iRDI1QeCQIhMCZk48DRDMVgQSSBDmbzzNhnxIo+pwx3swkfjMh6vh0nWLq1NdvGHLKH6wIrAM3vQWeTj6qeoug=="
    },
    "node_modules/eventemitter3": {
      "version": "3.1.2",
      "resolved": "https://registry.npmjs.org/eventemitter3/-/eventemitter3-3.1.2.tgz",
      "integrity": "sha512-tvtQIeLVHjDkJYnzf2dgVMxfuSGJeM/7UCG17TT4EumTfNtF+0nebF/4zWOIkCreAbtNqhGEboB6BWrwqNaw4Q=="
    },
    "node_modules/ismobilejs": {
      "version": "1.1.1",
      "resolved": "https://registry.npmjs.org/ismobilejs/-/ismobilejs-1.1.1.tgz",
      "integrity": "sha512-VaFW53yt8QO61k2WJui0dHf4SlL8lxBofUuUmwBo0ljPk0Drz2TiuDW4jo3wDcv41qy/SxrJ+VAzJ/qYqsmzRw=="
    },
    "node_modules/object-assign": {
      "version": "4.1.1",
      "resolved": "https://registry.npmjs.org/object-assign/-/object-assign-4.1.1.tgz",
      "integrity": "sha1-IQmtx5ZYh8/AXLvUQsrIv7s2CGM=",
      "engines": {
        "node": ">=0.10.0"
      }
    },
    "node_modules/pixi.js": {
      "version": "6.1.1",
      "resolved": "https://registry.npmjs.org/pixi.js/-/pixi.js-6.1.1.tgz",
      "integrity": "sha512-3Rr13mqmndlg/pUK7UhEp0p4g2cOb22BKG5wfIvglY5AK9CKq8l+WJnlAwgcEkhnBcAXc/Sean9zb6AcNnhMTA==",
      "dependencies": {
        "@pixi/accessibility": "6.1.1",
        "@pixi/app": "6.1.1",
        "@pixi/compressed-textures": "6.1.1",
        "@pixi/constants": "6.1.1",
        "@pixi/core": "6.1.1",
        "@pixi/display": "6.1.1",
        "@pixi/extract": "6.1.1",
        "@pixi/filter-alpha": "6.1.1",
        "@pixi/filter-blur": "6.1.1",
        "@pixi/filter-color-matrix": "6.1.1",
        "@pixi/filter-displacement": "6.1.1",
        "@pixi/filter-fxaa": "6.1.1",
        "@pixi/filter-noise": "6.1.1",
        "@pixi/graphics": "6.1.1",
        "@pixi/interaction": "6.1.1",
        "@pixi/loaders": "6.1.1",
        "@pixi/math": "6.1.1",
        "@pixi/mesh": "6.1.1",
        "@pixi/mesh-extras": "6.1.1",
        "@pixi/mixin-cache-as-bitmap": "6.1.1",
        "@pixi/mixin-get-child-by-name": "6.1.1",
        "@pixi/mixin-get-global-position": "6.1.1",
        "@pixi/particle-container": "6.1.1",
        "@pixi/polyfill": "6.1.1",
        "@pixi/prepare": "6.1.1",
        "@pixi/runner": "6.1.1",
        "@pixi/settings": "6.1.1",
        "@pixi/sprite": "6.1.1",
        "@pixi/sprite-animated": "6.1.1",
        "@pixi/sprite-tiling": "6.1.1",
        "@pixi/spritesheet": "6.1.1",
        "@pixi/text": "6.1.1",
        "@pixi/text-bitmap": "6.1.1",
        "@pixi/ticker": "6.1.1",
        "@pixi/utils": "6.1.1"
      },
      "funding": {
        "type": "opencollective",
        "url": "https://opencollective.com/pixijs"
      }
    },
    "node_modules/promise-polyfill": {
      "version": "8.2.0",
      "resolved": "https://registry.npmjs.org/promise-polyfill/-/promise-polyfill-8.2.0.tgz",
      "integrity": "sha512-k/TC0mIcPVF6yHhUvwAp7cvL6I2fFV7TzF1DuGPI8mBh4QQazf36xCKEHKTZKRysEoTQoQdKyP25J8MPJp7j5g=="
    },
    "node_modules/punycode": {
      "version": "1.3.2",
      "resolved": "https://registry.npmjs.org/punycode/-/punycode-1.3.2.tgz",
      "integrity": "sha1-llOgNvt8HuQjQvIyXM7v6jkmxI0="
    },
    "node_modules/querystring": {
      "version": "0.2.0",
      "resolved": "https://registry.npmjs.org/querystring/-/querystring-0.2.0.tgz",
      "integrity": "sha1-sgmEkgO7Jd+CDadW50cAWHhSFiA=",
      "deprecated": "The querystring API is considered Legacy. new code should use the URLSearchParams API instead.",
      "engines": {
        "node": ">=0.4.x"
      }
    },
    "node_modules/url": {
      "version": "0.11.0",
      "resolved": "https://registry.npmjs.org/url/-/url-0.11.0.tgz",
      "integrity": "sha1-ODjpfPxgUh63PFJajlW/3Z4uKPE=",
      "dependencies": {
        "punycode": "1.3.2",
        "querystring": "0.2.0"
      }
    }
  },
  "dependencies": {
    "@pixi/accessibility": {
      "version": "6.1.1",
      "resolved": "https://registry.npmjs.org/@pixi/accessibility/-/accessibility-6.1.1.tgz",
      "integrity": "sha512-uw/sIFmHwfskTlT7gKLwXjS/3ZGCJYSivENckpQw4XehEKMAd74w62Q/EFJwUdQBfI7/CNwHpZ6mAuU06QLiDg==",
      "requires": {}
    },
    "@pixi/app": {
      "version": "6.1.1",
      "resolved": "https://registry.npmjs.org/@pixi/app/-/app-6.1.1.tgz",
      "integrity": "sha512-Yy3766Q7jTwLs2ax0DYIHB3FZHRCw/Km1+QthydhLEprZ/zGD/uPqCWQ0W4U3WFwbB+RrDAGUHNSdJTCaIGu6Q==",
      "requires": {}
    },
    "@pixi/canvas-renderer": {
      "version": "6.1.1",
      "resolved": "https://registry.npmjs.org/@pixi/canvas-renderer/-/canvas-renderer-6.1.1.tgz",
      "integrity": "sha512-HPSoZRef5m+06hMrh4p7CHo4SXH/x6ZDauWENbYc+OpRI50h2L2nLgdEf1Kazp/NK6NudQG9LPa9bRT23rG3AA==",
      "peer": true,
      "requires": {}
    },
    "@pixi/compressed-textures": {
      "version": "6.1.1",
      "resolved": "https://registry.npmjs.org/@pixi/compressed-textures/-/compressed-textures-6.1.1.tgz",
      "integrity": "sha512-4lVI550mDZohWi1rJDpw3F9vMCSZlxhqA6pmGS+cVXf5ZJuDlpZCREyJ3GbvnFjt6iBQU0XMtd/jnQDWNKkCdQ==",
      "requires": {}
    },
    "@pixi/constants": {
      "version": "6.1.1",
      "resolved": "https://registry.npmjs.org/@pixi/constants/-/constants-6.1.1.tgz",
      "integrity": "sha512-L5UCMD3zgdH/0qBPG3ZvsmkeOM6WMt1EGn2NZmBPVh4X6pV03GTlNh01mc0kQ3+R8G1SwaZeogzcoa4VyWsKFA=="
    },
    "@pixi/core": {
      "version": "6.1.1",
      "resolved": "https://registry.npmjs.org/@pixi/core/-/core-6.1.1.tgz",
      "integrity": "sha512-eRGogZrPwpTKvZwvmdvR8Xya+9iJ3ETdjHeXeqfQHoaNbdJjfe7hIdGWY38+8IODwRWac3v8q+oZnBwc9vsfsA==",
      "requires": {}
    },
    "@pixi/display": {
      "version": "6.1.1",
      "resolved": "https://registry.npmjs.org/@pixi/display/-/display-6.1.1.tgz",
      "integrity": "sha512-6osLgiC8wtU/KFrv6Sm79S5mBcfHMOIkJ2EKeUPQjeXf1xxifzV6Qpp7z9hriA/PdeyTakzFPaMFGallYkRItg==",
      "requires": {}
    },
    "@pixi/extract": {
      "version": "6.1.1",
      "resolved": "https://registry.npmjs.org/@pixi/extract/-/extract-6.1.1.tgz",
      "integrity": "sha512-EZnKIjffJglRi8I+UaQ/Wxjur7R8awHEVTEGNqKKwRypmQXrhaLrokoCFPaZ+FShze+mygCzq4GVYVgiBwFhcA==",
      "requires": {}
    },
    "@pixi/filter-alpha": {
      "version": "6.1.1",
      "resolved": "https://registry.npmjs.org/@pixi/filter-alpha/-/filter-alpha-6.1.1.tgz",
      "integrity": "sha512-reg8yTbaQHmkoPrDQtiRgdy55GF3+hWEPiGVRPQAukZ6Dd9uN87GLSjJyFaTNL2lSlud4IGm8LI2kEBGW4JvuQ==",
      "requires": {}
    },
    "@pixi/filter-blur": {
      "version": "6.1.1",
      "resolved": "https://registry.npmjs.org/@pixi/filter-blur/-/filter-blur-6.1.1.tgz",
      "integrity": "sha512-xinRQHCAkGmiw2uJLNqO7CKNyUv2xaS9CwjeF0iqFe/vp0bOQTPZTSXOv7awKWxJw8AgI4df6vdnl9ZViZ2uvg==",
      "requires": {}
    },
    "@pixi/filter-color-matrix": {
      "version": "6.1.1",
      "resolved": "https://registry.npmjs.org/@pixi/filter-color-matrix/-/filter-color-matrix-6.1.1.tgz",
      "integrity": "sha512-ESYeGUXNN/o6oDl+ic9+EN8WXZIH/3M3r1HQiiS00dUylHLDs1UGzUyKas81VsFO2S0UxwDJ6uG2Cp3RndIRrw==",
      "requires": {}
    },
    "@pixi/filter-displacement": {
      "version": "6.1.1",
      "resolved": "https://registry.npmjs.org/@pixi/filter-displacement/-/filter-displacement-6.1.1.tgz",
      "integrity": "sha512-KH95Hko2f00sgVPrSKgtMDZ7JJV8Tge6rsOcXLhJE92fffo3ZAM5XRDn0P+tk/uhhCtr/zZaBZfk6FL4rW1t7g==",
      "requires": {}
    },
    "@pixi/filter-fxaa": {
      "version": "6.1.1",
      "resolved": "https://registry.npmjs.org/@pixi/filter-fxaa/-/filter-fxaa-6.1.1.tgz",
      "integrity": "sha512-bXNFp7wTJvz4lb6LTzVQdglfCpoO5yXmQMxqn5Dll/ZSIeBlkG+yhoQzKiHllzA7pi4Kc1XzHdDQBd5ASl17+A==",
      "requires": {}
    },
    "@pixi/filter-noise": {
      "version": "6.1.1",
      "resolved": "https://registry.npmjs.org/@pixi/filter-noise/-/filter-noise-6.1.1.tgz",
      "integrity": "sha512-tSsFqK3qlFY7SWxmJdTP4l9uIyNzSXwze1e08K3zuNiBreRUdrkYUaFUO4N7Qt2+bs2/awiF/oqjRgoxzSXzew==",
      "requires": {}
    },
    "@pixi/graphics": {
      "version": "6.1.1",
      "resolved": "https://registry.npmjs.org/@pixi/graphics/-/graphics-6.1.1.tgz",
      "integrity": "sha512-mF5VuZ5pOg2iP6wFgvjWvBBlO1i5TWRvQLYhR+OwD5gh6TrSPU9azr2L1t63ArtyCKn8+tNUGRmAVPFev/qVhA==",
      "requires": {}
    },
    "@pixi/interaction": {
      "version": "6.1.1",
      "resolved": "https://registry.npmjs.org/@pixi/interaction/-/interaction-6.1.1.tgz",
      "integrity": "sha512-lVaMdN1zK5T5ty/zrwXIKHiJ1mDeOXqOFHP43gKVK5f6mEFsPyqfNY82xmIS0z6xjTNpG5744FklhCDI4BeuZA==",
      "requires": {}
    },
    "@pixi/loaders": {
      "version": "6.1.1",
      "resolved": "https://registry.npmjs.org/@pixi/loaders/-/loaders-6.1.1.tgz",
      "integrity": "sha512-5M6fPVKlarqShPOXWDb8S8m1XSMd4wRt8YguIhrQUBq+0dWlTdDlGskaVm4aLerHbUxLhR1PhI/akpc0iJ70wQ==",
      "requires": {}
    },
    "@pixi/math": {
      "version": "6.1.1",
      "resolved": "https://registry.npmjs.org/@pixi/math/-/math-6.1.1.tgz",
      "integrity": "sha512-/xyr1xqZ50XiG61XLbF9yetpP/kyk+DxPAazHOrvZIQEquBuD1smeHQ7MAQIuh4D0BAgAgstQzq8Mj0bmwajbQ=="
    },
    "@pixi/mesh": {
      "version": "6.1.1",
      "resolved": "https://registry.npmjs.org/@pixi/mesh/-/mesh-6.1.1.tgz",
      "integrity": "sha512-kEPnJG2kviCKEL8X2AGor19bOyPxCZzozDxynsAxAvqIC+TGVyp08yRPjsvotZ5mJRV3utgRtyEymgnTPmTvmw==",
      "requires": {}
    },
    "@pixi/mesh-extras": {
      "version": "6.1.1",
      "resolved": "https://registry.npmjs.org/@pixi/mesh-extras/-/mesh-extras-6.1.1.tgz",
      "integrity": "sha512-+6PFyvss/AO0tkFByN2OJDLys6dPrKwsgkt+EsPTVITZz0BVBsni/oqC+4ldzLxTdo/LgdNbRN6V6w3FVMdvyA==",
      "requires": {}
    },
    "@pixi/mixin-cache-as-bitmap": {
      "version": "6.1.1",
      "resolved": "https://registry.npmjs.org/@pixi/mixin-cache-as-bitmap/-/mixin-cache-as-bitmap-6.1.1.tgz",
      "integrity": "sha512-Ho6+9cgxS5JQKq5ule6iU2Ah9UN/YakOGdl5kOUixV89sEHkd4qC8LziTFu4rKMwSdGhESIz4e4xr58PDPwAJw==",
      "requires": {}
    },
    "@pixi/mixin-get-child-by-name": {
      "version": "6.1.1",
      "resolved": "https://registry.npmjs.org/@pixi/mixin-get-child-by-name/-/mixin-get-child-by-name-6.1.1.tgz",
      "integrity": "sha512-3ut4tP5d5FV/Ces/hflPUaoSRAch5I9ozPvxFd3aCeMzi0cODorHpcToDIxnquYppoZtVyGwSkERM9IVoJp9gw==",
      "requires": {}
    },
    "@pixi/mixin-get-global-position": {
      "version": "6.1.1",
      "resolved": "https://registry.npmjs.org/@pixi/mixin-get-global-position/-/mixin-get-global-position-6.1.1.tgz",
      "integrity": "sha512-OiEDrS6lATQ+tRoDyRNxe/DPNNQ/RwNOvYMGG/HZU4pYDDglL/MhBuQYYdjS5Wu0NxTFkLR6pn+Vqvp0hzRQiQ==",
      "requires": {}
    },
    "@pixi/particle-container": {
      "version": "6.1.1",
      "resolved": "https://registry.npmjs.org/@pixi/particle-container/-/particle-container-6.1.1.tgz",
      "integrity": "sha512-Act80GkbPvKYXFXY4LNpFvPn74VdLumVpV0CpqXfWcYp0SfNl/Cm2Y8k2BWjxZJxcjjHHCPF3MKeYeTyIQbBsw==",
      "requires": {}
    },
    "@pixi/polyfill": {
      "version": "6.1.1",
      "resolved": "https://registry.npmjs.org/@pixi/polyfill/-/polyfill-6.1.1.tgz",
      "integrity": "sha512-FDW5VeuSQDO5ANo/55m21EivcbeoK4PwKODfQpPdYL2SY2Tvf9dDVzD1Gl+OqsW22teeRkXPU+qf93J4xmT52w==",
      "requires": {
        "object-assign": "^4.1.1",
        "promise-polyfill": "^8.2.0"
      }
    },
    "@pixi/prepare": {
      "version": "6.1.1",
      "resolved": "https://registry.npmjs.org/@pixi/prepare/-/prepare-6.1.1.tgz",
      "integrity": "sha512-vUkMxqcU/hvHOW7ioNHfjaF4AMa3ITdoMbLLqCnWCYCS39Wg+gar9enSmd2Qlup1KdbQVtT1wtHslDOpnEv0yQ==",
      "requires": {}
    },
    "@pixi/runner": {
      "version": "6.1.1",
      "resolved": "https://registry.npmjs.org/@pixi/runner/-/runner-6.1.1.tgz",
      "integrity": "sha512-Qrfa80jYcZ1o1ZyrfHWd9QgIIGrXfd31wBkxd2QHQGOm096+ATB6qcB2Nfzl9Z0GCYbAPHnwbdHm+ZRcqNX0Bw=="
    },
    "@pixi/settings": {
      "version": "6.1.1",
      "resolved": "https://registry.npmjs.org/@pixi/settings/-/settings-6.1.1.tgz",
      "integrity": "sha512-ak3102khm7rIW8+XENcOehwPrmR/X3gti29Bh5N9/iDM0Zqr0AoLbYqCMOsuuKADr9Ra/otE6fF1IkFKYG7Mzw==",
      "requires": {
        "ismobilejs": "^1.1.0"
      }
    },
    "@pixi/sprite": {
      "version": "6.1.1",
      "resolved": "https://registry.npmjs.org/@pixi/sprite/-/sprite-6.1.1.tgz",
      "integrity": "sha512-ak3/13hjmxqx1G1Af+IdTbchjMrSLFKkjldMSIfP3soC3JcDFSRy1xjM5WitMMoqOEq5ntFY2sAGp5e2y50uiQ==",
      "requires": {}
    },
    "@pixi/sprite-animated": {
      "version": "6.1.1",
      "resolved": "https://registry.npmjs.org/@pixi/sprite-animated/-/sprite-animated-6.1.1.tgz",
      "integrity": "sha512-HW2g73xOxJgugmOmkCWRo5zknJElAJMGevsGz+c032Vqg/LrHIRGuzKQHEgEQCBttbQzxVAECiAWQysc25ifcg==",
      "requires": {}
    },
    "@pixi/sprite-tiling": {
      "version": "6.1.1",
      "resolved": "https://registry.npmjs.org/@pixi/sprite-tiling/-/sprite-tiling-6.1.1.tgz",
      "integrity": "sha512-B2dLpg37tymQCra+qS7sRzhLYXaYhA4i1ipU3I8yP27h162A6qqlGgZFUsosSh2R7ZHNFvq8JHlmpR3IFM6Meg==",
      "requires": {}
    },
    "@pixi/spritesheet": {
      "version": "6.1.1",
      "resolved": "https://registry.npmjs.org/@pixi/spritesheet/-/spritesheet-6.1.1.tgz",
      "integrity": "sha512-pUIML/KXrzFmfELhJpfwAdY7z0R5eyRcKIIrC6aRDzgnosGrtdJ+Q9M7sF7tHTQh4CIqXAGG475sRlwzeBnkmA==",
      "requires": {}
    },
    "@pixi/text": {
      "version": "6.1.1",
      "resolved": "https://registry.npmjs.org/@pixi/text/-/text-6.1.1.tgz",
      "integrity": "sha512-iPLv+6mcqZc3WGxoCwcnn4JWlaqU0uqTevcsW2+QGVfd/UWuZbifohBx84NkfpiShFLPzV6BpGiN7oKbhqsfQQ==",
      "requires": {}
    },
    "@pixi/text-bitmap": {
      "version": "6.1.1",
      "resolved": "https://registry.npmjs.org/@pixi/text-bitmap/-/text-bitmap-6.1.1.tgz",
      "integrity": "sha512-WSqqCHDIXnk6PJ9v7gsbJ6d9D2BcVk6pAZ2dwvKoUGBZSjrndnwWMlwLGumRva+PmkOjEpIYTaUcxFoWhwjQCQ==",
      "requires": {}
    },
    "@pixi/ticker": {
      "version": "6.1.1",
      "resolved": "https://registry.npmjs.org/@pixi/ticker/-/ticker-6.1.1.tgz",
      "integrity": "sha512-qkO7SOqI9pWLMu5jtwtoUlm7Sgq+qpNNKFSSHgCLjurbWID5SRJHcmfOZg/2TxmahvA7f6jh6JDDXnWnNvqaWA==",
      "requires": {}
    },
    "@pixi/utils": {
      "version": "6.1.1",
      "resolved": "https://registry.npmjs.org/@pixi/utils/-/utils-6.1.1.tgz",
      "integrity": "sha512-C55n34c0iEIhpsnjl7WLOrjSAqzLygzYFPYbQuJfyJF+YRH36qpF1KFWjzepXpR8sp3g59uXKOdtN6ZOHAmyEA==",
      "requires": {
        "@types/earcut": "^2.1.0",
        "earcut": "^2.2.2",
        "eventemitter3": "^3.1.0",
        "url": "^0.11.0"
      }
    },
    "@types/earcut": {
      "version": "2.1.1",
      "resolved": "https://registry.npmjs.org/@types/earcut/-/earcut-2.1.1.tgz",
      "integrity": "sha512-w8oigUCDjElRHRRrMvn/spybSMyX8MTkKA5Dv+tS1IE/TgmNZPqUYtvYBXGY8cieSE66gm+szeK+bnbxC2xHTQ=="
    },
    "earcut": {
      "version": "2.2.3",
      "resolved": "https://registry.npmjs.org/earcut/-/earcut-2.2.3.tgz",
      "integrity": "sha512-iRDI1QeCQIhMCZk48DRDMVgQSSBDmbzzNhnxIo+pwx3swkfjMh6vh0nWLq1NdvGHLKH6wIrAM3vQWeTj6qeoug=="
    },
    "eventemitter3": {
      "version": "3.1.2",
      "resolved": "https://registry.npmjs.org/eventemitter3/-/eventemitter3-3.1.2.tgz",
      "integrity": "sha512-tvtQIeLVHjDkJYnzf2dgVMxfuSGJeM/7UCG17TT4EumTfNtF+0nebF/4zWOIkCreAbtNqhGEboB6BWrwqNaw4Q=="
    },
    "ismobilejs": {
      "version": "1.1.1",
      "resolved": "https://registry.npmjs.org/ismobilejs/-/ismobilejs-1.1.1.tgz",
      "integrity": "sha512-VaFW53yt8QO61k2WJui0dHf4SlL8lxBofUuUmwBo0ljPk0Drz2TiuDW4jo3wDcv41qy/SxrJ+VAzJ/qYqsmzRw=="
    },
    "object-assign": {
      "version": "4.1.1",
      "resolved": "https://registry.npmjs.org/object-assign/-/object-assign-4.1.1.tgz",
      "integrity": "sha1-IQmtx5ZYh8/AXLvUQsrIv7s2CGM="
    },
    "pixi.js": {
      "version": "6.1.1",
      "resolved": "https://registry.npmjs.org/pixi.js/-/pixi.js-6.1.1.tgz",
      "integrity": "sha512-3Rr13mqmndlg/pUK7UhEp0p4g2cOb22BKG5wfIvglY5AK9CKq8l+WJnlAwgcEkhnBcAXc/Sean9zb6AcNnhMTA==",
      "requires": {
        "@pixi/accessibility": "6.1.1",
        "@pixi/app": "6.1.1",
        "@pixi/compressed-textures": "6.1.1",
        "@pixi/constants": "6.1.1",
        "@pixi/core": "6.1.1",
        "@pixi/display": "6.1.1",
        "@pixi/extract": "6.1.1",
        "@pixi/filter-alpha": "6.1.1",
        "@pixi/filter-blur": "6.1.1",
        "@pixi/filter-color-matrix": "6.1.1",
        "@pixi/filter-displacement": "6.1.1",
        "@pixi/filter-fxaa": "6.1.1",
        "@pixi/filter-noise": "6.1.1",
        "@pixi/graphics": "6.1.1",
        "@pixi/interaction": "6.1.1",
        "@pixi/loaders": "6.1.1",
        "@pixi/math": "6.1.1",
        "@pixi/mesh": "6.1.1",
        "@pixi/mesh-extras": "6.1.1",
        "@pixi/mixin-cache-as-bitmap": "6.1.1",
        "@pixi/mixin-get-child-by-name": "6.1.1",
        "@pixi/mixin-get-global-position": "6.1.1",
        "@pixi/particle-container": "6.1.1",
        "@pixi/polyfill": "6.1.1",
        "@pixi/prepare": "6.1.1",
        "@pixi/runner": "6.1.1",
        "@pixi/settings": "6.1.1",
        "@pixi/sprite": "6.1.1",
        "@pixi/sprite-animated": "6.1.1",
        "@pixi/sprite-tiling": "6.1.1",
        "@pixi/spritesheet": "6.1.1",
        "@pixi/text": "6.1.1",
        "@pixi/text-bitmap": "6.1.1",
        "@pixi/ticker": "6.1.1",
        "@pixi/utils": "6.1.1"
      }
    },
    "promise-polyfill": {
      "version": "8.2.0",
      "resolved": "https://registry.npmjs.org/promise-polyfill/-/promise-polyfill-8.2.0.tgz",
      "integrity": "sha512-k/TC0mIcPVF6yHhUvwAp7cvL6I2fFV7TzF1DuGPI8mBh4QQazf36xCKEHKTZKRysEoTQoQdKyP25J8MPJp7j5g=="
    },
    "punycode": {
      "version": "1.3.2",
      "resolved": "https://registry.npmjs.org/punycode/-/punycode-1.3.2.tgz",
      "integrity": "sha1-llOgNvt8HuQjQvIyXM7v6jkmxI0="
    },
    "querystring": {
      "version": "0.2.0",
      "resolved": "https://registry.npmjs.org/querystring/-/querystring-0.2.0.tgz",
      "integrity": "sha1-sgmEkgO7Jd+CDadW50cAWHhSFiA="
    },
    "url": {
      "version": "0.11.0",
      "resolved": "https://registry.npmjs.org/url/-/url-0.11.0.tgz",
      "integrity": "sha1-ODjpfPxgUh63PFJajlW/3Z4uKPE=",
      "requires": {
        "punycode": "1.3.2",
        "querystring": "0.2.0"
      }
    }
  }
}
